
Microsoft Visual Studio Solution File, Format Version 12.00
# Visual Studio Version 16
VisualStudioVersion = 16.0.29613.14
MinimumVisualStudioVersion = 10.0.40219.1
Project("{FAE04EC0-301F-11D3-BF4B-00C04F79EFBC}") = "jenkinsapp2", "jenkinsapp2.csproj", "{E22A3517-412D-4847-AA5E-1952A7FA3B44}"
EndProject
Global
	GlobalSection(SolutionConfigurationPlatforms) = preSolution
		Debug|Any CPU = Debug|Any CPU
		Release|Any CPU = Release|Any CPU
	EndGlobalSection
	GlobalSection(ProjectConfigurationPlatforms) = postSolution
		{E22A3517-412D-4847-AA5E-1952A7FA3B44}.Debug|Any CPU.ActiveCfg = Debug|Any CPU
		{E22A3517-412D-4847-AA5E-1952A7FA3B44}.Debug|Any CPU.Build.0 = Debug|Any CPU
		{E22A3517-412D-4847-AA5E-1952A7FA3B44}.Release|Any CPU.ActiveCfg = Release|Any CPU
		{E22A3517-412D-4847-AA5E-1952A7FA3B44}.Release|Any CPU.Build.0 = Release|Any CPU
	EndGlobalSection
	GlobalSection(SolutionProperties) = preSolution
		HideSolutionNode = FALSE
	EndGlobalSection
	GlobalSection(ExtensibilityGlobals) = postSolution
		SolutionGuid = {3CB595E4-3279-4D00-9B13-7C9D2BCBD6F0}
	EndGlobalSection
EndGlobal
